
Microsoft Visual Studio Solution File, Format Version 12.00
# Visual Studio Version 16
VisualStudioVersion = 16.0.808.4
MinimumVisualStudioVersion = 10.0.40219.1
Project("{FAE04EC0-301F-11D3-BF4B-00C04F79EFBC}") = "SampleWebApp", "SampleWebApp\SampleWebApp.csproj", "{50153951-55D3-46B1-8073-03563F0BD31E}"
EndProject
Global
	GlobalSection(SolutionConfigurationPlatforms) = preSolution
		Debug|Any CPU = Debug|Any CPU
		Release|Any CPU = Release|Any CPU
	EndGlobalSection
	GlobalSection(ProjectConfigurationPlatforms) = postSolution
		{50153951-55D3-46B1-8073-03563F0BD31E}.Debug|Any CPU.ActiveCfg = Debug|Any CPU
		{50153951-55D3-46B1-8073-03563F0BD31E}.Debug|Any CPU.Build.0 = Debug|Any CPU
		{50153951-55D3-46B1-8073-03563F0BD31E}.Release|Any CPU.ActiveCfg = Release|Any CPU
		{50153951-55D3-46B1-8073-03563F0BD31E}.Release|Any CPU.Build.0 = Release|Any CPU
	EndGlobalSection
	GlobalSection(SolutionProperties) = preSolution
		HideSolutionNode = FALSE
	EndGlobalSection
	GlobalSection(ExtensibilityGlobals) = postSolution
		SolutionGuid = {337AA5C4-EC2C-4BE4-952C-E9C1B54E5CBD}
	EndGlobalSection
EndGlobal
